
Microsoft Visual Studio Solution File, Format Version 12.00
# Visual Studio Version 16
VisualStudioVersion = 16.0.29424.173
MinimumVisualStudioVersion = 10.0.40219.1
Project("{9A19103F-16F7-4668-BE54-9A1E7A4F7556}") = "Phantasma.Blockchain", "..\PhantasmaChain\Phantasma.Blockchain\Phantasma.Blockchain.csproj", "{974F9761-3388-48AA-9DF6-EA5A85F5C168}"
EndProject
Project("{9A19103F-16F7-4668-BE54-9A1E7A4F7556}") = "Phantasma.VM", "..\PhantasmaChain\Phantasma.VM\Phantasma.VM.csproj", "{62963BDD-80CB-4C4C-8800-5BE507289F26}"
EndProject
Project("{9A19103F-16F7-4668-BE54-9A1E7A4F7556}") = "Phantasma.Numerics", "..\PhantasmaChain\Phantasma.Numerics\Phantasma.Numerics.csproj", "{9A3237AA-DA5F-42F7-8C22-144D8CFA1CC3}"
EndProject
Project("{9A19103F-16F7-4668-BE54-9A1E7A4F7556}") = "Phantasma.Cryptography", "..\PhantasmaChain\Phantasma.Cryptography\Phantasma.Cryptography.csproj", "{6706C489-8BD6-44C9-A546-ABDFE7E79158}"
EndProject
Project("{9A19103F-16F7-4668-BE54-9A1E7A4F7556}") = "Phantasma.Tests", "..\PhantasmaChain\Phantasma.Tests\Phantasma.Tests.csproj", "{F43790D1-BE09-4619-8798-703D93FA4131}"
EndProject
Project("{9A19103F-16F7-4668-BE54-9A1E7A4F7556}") = "Phantasma.Storage", "..\PhantasmaChain\Phantasma.Storage\Phantasma.Storage.csproj", "{E3E744ED-212E-430F-B948-A543E1BC1EE7}"
EndProject
Project("{9A19103F-16F7-4668-BE54-9A1E7A4F7556}") = "Spook.CLI", "Spook.CLI\Spook.CLI.csproj", "{0E67C572-3EC9-4E5B-9EF6-26B1D8594CDB}"
EndProject
Project("{9A19103F-16F7-4668-BE54-9A1E7A4F7556}") = "Phantasma.P2P", "..\PhantasmaChain\Phantasma.P2P\Phantasma.P2P.csproj", "{689394C7-9B6C-48CF-9F5F-7AAE8F7D9C75}"
EndProject
Project("{9A19103F-16F7-4668-BE54-9A1E7A4F7556}") = "Phantasma.API", "..\PhantasmaChain\Phantasma.API\Phantasma.API.csproj", "{51FC0A63-5A97-4877-8968-70120DCF82BF}"
EndProject
Project("{9A19103F-16F7-4668-BE54-9A1E7A4F7556}") = "Phantasma.Pay", "..\PhantasmaChain\Phantasma.Pay\Phantasma.Pay.csproj", "{7CFB23C5-44E9-4F64-AA43-9E92A79CF101}"
EndProject
Project("{9A19103F-16F7-4668-BE54-9A1E7A4F7556}") = "Phantasma.CodeGen", "..\PhantasmaChain\Phantasma.CodeGen\Phantasma.CodeGen.csproj", "{151E015F-7CDE-438D-A21C-4127A06238C8}"
EndProject
Project("{9A19103F-16F7-4668-BE54-9A1E7A4F7556}") = "Phantasma.RocksDB", "..\PhantasmaChain\Phantasma.RocksDB\Phantasma.RocksDB.csproj", "{1C83E9D6-E6B2-404E-8B79-617F656FDB8C}"
EndProject
Project("{9A19103F-16F7-4668-BE54-9A1E7A4F7556}") = "Phantasma.Simulator", "..\PhantasmaChain\Phantasma.Simulator\Phantasma.Simulator.csproj", "{CA74E497-29FE-4329-B04F-02B49B92254F}"
EndProject
Project("{9A19103F-16F7-4668-BE54-9A1E7A4F7556}") = "Phantasma.Neo", "..\PhantasmaChain\Phantasma.Neo\Phantasma.Neo.csproj", "{3231DDF2-A936-4828-BA83-B2C1B6B71B6F}"
EndProject
Project("{9A19103F-16F7-4668-BE54-9A1E7A4F7556}") = "Phantasma.Domain", "..\PhantasmaChain\Phantasma.Domain\Phantasma.Domain.csproj", "{462E855A-FE3F-477C-AFCE-2E645EBFC42F}"
EndProject
Project("{9A19103F-16F7-4668-BE54-9A1E7A4F7556}") = "Phantasma.Core", "..\PhantasmaChain\Phantasma.Core\Phantasma.Core.csproj", "{ED8D0641-1F8E-44F9-80E2-3995B13EBA1D}"
EndProject
Project("{9A19103F-16F7-4668-BE54-9A1E7A4F7556}") = "StorageDump", "StorageDump\StorageDump.csproj", "{98CB27AB-65CB-4CF8-AABD-C5DE92B162D7}"
EndProject
Project("{9A19103F-16F7-4668-BE54-9A1E7A4F7556}") = "TxSender", "TxSender\TxSender.csproj", "{FDC2C82A-9B51-40C2-A092-8356764A2888}"
EndProject
Global
	GlobalSection(SolutionConfigurationPlatforms) = preSolution
		Debug|Any CPU = Debug|Any CPU
		Release|Any CPU = Release|Any CPU
	EndGlobalSection
	GlobalSection(ProjectConfigurationPlatforms) = postSolution
		{974F9761-3388-48AA-9DF6-EA5A85F5C168}.Debug|Any CPU.ActiveCfg = Debug|Any CPU
		{974F9761-3388-48AA-9DF6-EA5A85F5C168}.Debug|Any CPU.Build.0 = Debug|Any CPU
		{974F9761-3388-48AA-9DF6-EA5A85F5C168}.Release|Any CPU.ActiveCfg = Release|Any CPU
		{974F9761-3388-48AA-9DF6-EA5A85F5C168}.Release|Any CPU.Build.0 = Release|Any CPU
		{62963BDD-80CB-4C4C-8800-5BE507289F26}.Debug|Any CPU.ActiveCfg = Debug|Any CPU
		{62963BDD-80CB-4C4C-8800-5BE507289F26}.Debug|Any CPU.Build.0 = Debug|Any CPU
		{62963BDD-80CB-4C4C-8800-5BE507289F26}.Release|Any CPU.ActiveCfg = Release|Any CPU
		{62963BDD-80CB-4C4C-8800-5BE507289F26}.Release|Any CPU.Build.0 = Release|Any CPU
		{9A3237AA-DA5F-42F7-8C22-144D8CFA1CC3}.Debug|Any CPU.ActiveCfg = Debug|Any CPU
		{9A3237AA-DA5F-42F7-8C22-144D8CFA1CC3}.Debug|Any CPU.Build.0 = Debug|Any CPU
		{9A3237AA-DA5F-42F7-8C22-144D8CFA1CC3}.Release|Any CPU.ActiveCfg = Release|Any CPU
		{9A3237AA-DA5F-42F7-8C22-144D8CFA1CC3}.Release|Any CPU.Build.0 = Release|Any CPU
		{6706C489-8BD6-44C9-A546-ABDFE7E79158}.Debug|Any CPU.ActiveCfg = Debug|Any CPU
		{6706C489-8BD6-44C9-A546-ABDFE7E79158}.Debug|Any CPU.Build.0 = Debug|Any CPU
		{6706C489-8BD6-44C9-A546-ABDFE7E79158}.Release|Any CPU.ActiveCfg = Release|Any CPU
		{6706C489-8BD6-44C9-A546-ABDFE7E79158}.Release|Any CPU.Build.0 = Release|Any CPU
		{F43790D1-BE09-4619-8798-703D93FA4131}.Debug|Any CPU.ActiveCfg = Debug|Any CPU
		{F43790D1-BE09-4619-8798-703D93FA4131}.Debug|Any CPU.Build.0 = Debug|Any CPU
		{F43790D1-BE09-4619-8798-703D93FA4131}.Release|Any CPU.ActiveCfg = Release|Any CPU
		{F43790D1-BE09-4619-8798-703D93FA4131}.Release|Any CPU.Build.0 = Release|Any CPU
		{E3E744ED-212E-430F-B948-A543E1BC1EE7}.Debug|Any CPU.ActiveCfg = Debug|Any CPU
		{E3E744ED-212E-430F-B948-A543E1BC1EE7}.Debug|Any CPU.Build.0 = Debug|Any CPU
		{E3E744ED-212E-430F-B948-A543E1BC1EE7}.Release|Any CPU.ActiveCfg = Release|Any CPU
		{E3E744ED-212E-430F-B948-A543E1BC1EE7}.Release|Any CPU.Build.0 = Release|Any CPU
		{0E67C572-3EC9-4E5B-9EF6-26B1D8594CDB}.Debug|Any CPU.ActiveCfg = Debug|Any CPU
		{0E67C572-3EC9-4E5B-9EF6-26B1D8594CDB}.Debug|Any CPU.Build.0 = Debug|Any CPU
		{0E67C572-3EC9-4E5B-9EF6-26B1D8594CDB}.Release|Any CPU.ActiveCfg = Release|Any CPU
		{0E67C572-3EC9-4E5B-9EF6-26B1D8594CDB}.Release|Any CPU.Build.0 = Release|Any CPU
		{689394C7-9B6C-48CF-9F5F-7AAE8F7D9C75}.Debug|Any CPU.ActiveCfg = Debug|Any CPU
		{689394C7-9B6C-48CF-9F5F-7AAE8F7D9C75}.Debug|Any CPU.Build.0 = Debug|Any CPU
		{689394C7-9B6C-48CF-9F5F-7AAE8F7D9C75}.Release|Any CPU.ActiveCfg = Release|Any CPU
		{689394C7-9B6C-48CF-9F5F-7AAE8F7D9C75}.Release|Any CPU.Build.0 = Release|Any CPU
		{51FC0A63-5A97-4877-8968-70120DCF82BF}.Debug|Any CPU.ActiveCfg = Debug|Any CPU
		{51FC0A63-5A97-4877-8968-70120DCF82BF}.Debug|Any CPU.Build.0 = Debug|Any CPU
		{51FC0A63-5A97-4877-8968-70120DCF82BF}.Release|Any CPU.ActiveCfg = Release|Any CPU
		{51FC0A63-5A97-4877-8968-70120DCF82BF}.Release|Any CPU.Build.0 = Release|Any CPU
		{7CFB23C5-44E9-4F64-AA43-9E92A79CF101}.Debug|Any CPU.ActiveCfg = Debug|Any CPU
		{7CFB23C5-44E9-4F64-AA43-9E92A79CF101}.Debug|Any CPU.Build.0 = Debug|Any CPU
		{7CFB23C5-44E9-4F64-AA43-9E92A79CF101}.Release|Any CPU.ActiveCfg = Release|Any CPU
		{7CFB23C5-44E9-4F64-AA43-9E92A79CF101}.Release|Any CPU.Build.0 = Release|Any CPU
		{151E015F-7CDE-438D-A21C-4127A06238C8}.Debug|Any CPU.ActiveCfg = Debug|Any CPU
		{151E015F-7CDE-438D-A21C-4127A06238C8}.Debug|Any CPU.Build.0 = Debug|Any CPU
		{151E015F-7CDE-438D-A21C-4127A06238C8}.Release|Any CPU.ActiveCfg = Release|Any CPU
		{151E015F-7CDE-438D-A21C-4127A06238C8}.Release|Any CPU.Build.0 = Release|Any CPU
		{1C83E9D6-E6B2-404E-8B79-617F656FDB8C}.Debug|Any CPU.ActiveCfg = Debug|Any CPU
		{1C83E9D6-E6B2-404E-8B79-617F656FDB8C}.Debug|Any CPU.Build.0 = Debug|Any CPU
		{1C83E9D6-E6B2-404E-8B79-617F656FDB8C}.Release|Any CPU.ActiveCfg = Release|Any CPU
		{1C83E9D6-E6B2-404E-8B79-617F656FDB8C}.Release|Any CPU.Build.0 = Release|Any CPU
		{CA74E497-29FE-4329-B04F-02B49B92254F}.Debug|Any CPU.ActiveCfg = Debug|Any CPU
		{CA74E497-29FE-4329-B04F-02B49B92254F}.Debug|Any CPU.Build.0 = Debug|Any CPU
		{CA74E497-29FE-4329-B04F-02B49B92254F}.Release|Any CPU.ActiveCfg = Release|Any CPU
		{CA74E497-29FE-4329-B04F-02B49B92254F}.Release|Any CPU.Build.0 = Release|Any CPU
		{3231DDF2-A936-4828-BA83-B2C1B6B71B6F}.Debug|Any CPU.ActiveCfg = Debug|Any CPU
		{3231DDF2-A936-4828-BA83-B2C1B6B71B6F}.Debug|Any CPU.Build.0 = Debug|Any CPU
		{3231DDF2-A936-4828-BA83-B2C1B6B71B6F}.Release|Any CPU.ActiveCfg = Release|Any CPU
		{3231DDF2-A936-4828-BA83-B2C1B6B71B6F}.Release|Any CPU.Build.0 = Release|Any CPU
		{462E855A-FE3F-477C-AFCE-2E645EBFC42F}.Debug|Any CPU.ActiveCfg = Debug|Any CPU
		{462E855A-FE3F-477C-AFCE-2E645EBFC42F}.Debug|Any CPU.Build.0 = Debug|Any CPU
		{462E855A-FE3F-477C-AFCE-2E645EBFC42F}.Release|Any CPU.ActiveCfg = Release|Any CPU
		{462E855A-FE3F-477C-AFCE-2E645EBFC42F}.Release|Any CPU.Build.0 = Release|Any CPU
		{ED8D0641-1F8E-44F9-80E2-3995B13EBA1D}.Debug|Any CPU.ActiveCfg = Debug|Any CPU
		{ED8D0641-1F8E-44F9-80E2-3995B13EBA1D}.Debug|Any CPU.Build.0 = Debug|Any CPU
		{ED8D0641-1F8E-44F9-80E2-3995B13EBA1D}.Release|Any CPU.ActiveCfg = Release|Any CPU
		{ED8D0641-1F8E-44F9-80E2-3995B13EBA1D}.Release|Any CPU.Build.0 = Release|Any CPU
		{98CB27AB-65CB-4CF8-AABD-C5DE92B162D7}.Debug|Any CPU.ActiveCfg = Debug|Any CPU
		{98CB27AB-65CB-4CF8-AABD-C5DE92B162D7}.Debug|Any CPU.Build.0 = Debug|Any CPU
		{98CB27AB-65CB-4CF8-AABD-C5DE92B162D7}.Release|Any CPU.ActiveCfg = Release|Any CPU
		{98CB27AB-65CB-4CF8-AABD-C5DE92B162D7}.Release|Any CPU.Build.0 = Release|Any CPU
		{FDC2C82A-9B51-40C2-A092-8356764A2888}.Debug|Any CPU.ActiveCfg = Debug|Any CPU
		{FDC2C82A-9B51-40C2-A092-8356764A2888}.Debug|Any CPU.Build.0 = Debug|Any CPU
		{FDC2C82A-9B51-40C2-A092-8356764A2888}.Release|Any CPU.ActiveCfg = Release|Any CPU
		{FDC2C82A-9B51-40C2-A092-8356764A2888}.Release|Any CPU.Build.0 = Release|Any CPU
	EndGlobalSection
	GlobalSection(SolutionProperties) = preSolution
		HideSolutionNode = FALSE
	EndGlobalSection
	GlobalSection(ExtensibilityGlobals) = postSolution
		SolutionGuid = {3ECD1C9B-197A-43E0-8741-AAB80D29C5C3}
	EndGlobalSection
EndGlobal
